<Solution>
  <Project Path="Tyuiu.GnidenkoPA.Sprint3.Task5.V24.Lib/Tyuiu.GnidenkoPA.Sprint3.Task5.V24.Lib.csproj" />
  <Project Path="Tyuiu.GnidenkoPA.Sprint3.Task5.V24.Test/Tyuiu.GnidenkoPA.Sprint3.Task5.V24.Test.csproj" />
  <Project Path="Tyuiu.GnidenkoPA.Sprint3.Task5.V24/Tyuiu.GnidenkoPA.Sprint3.Task5.V24.csproj" />
</Solution>
